
Microsoft Visual Studio Solution File, Format Version 12.00
# Visual Studio 15
VisualStudioVersion = 15.0.28307.1267
MinimumVisualStudioVersion = 10.0.40219.1
Project("{888888A0-9F3D-457C-B088-3A5042F75D52}") = "TextFileDataVisualizer", "TextFileDataVisualizer\TextFileDataVisualizer.pyproj", "{5AB42F67-AAD8-40C8-9DD5-BD4DDC22D9D0}"
EndProject
Global
	GlobalSection(SolutionConfigurationPlatforms) = preSolution
		Debug|Any CPU = Debug|Any CPU
		Release|Any CPU = Release|Any CPU
	EndGlobalSection
	GlobalSection(ProjectConfigurationPlatforms) = postSolution
		{5AB42F67-AAD8-40C8-9DD5-BD4DDC22D9D0}.Debug|Any CPU.ActiveCfg = Debug|Any CPU
		{5AB42F67-AAD8-40C8-9DD5-BD4DDC22D9D0}.Release|Any CPU.ActiveCfg = Release|Any CPU
	EndGlobalSection
	GlobalSection(SolutionProperties) = preSolution
		HideSolutionNode = FALSE
	EndGlobalSection
	GlobalSection(ExtensibilityGlobals) = postSolution
		SolutionGuid = {E7268D19-5B3C-485C-B1E3-8F8AB02C72A8}
	EndGlobalSection
EndGlobal
